
Microsoft Visual Studio Solution File, Format Version 12.00
# Visual Studio Version 16
VisualStudioVersion = 16.0.31727.386
MinimumVisualStudioVersion = 10.0.40219.1
Project("{FAE04EC0-301F-11D3-BF4B-00C04F79EFBC}") = "f01_form", "f01_form\f01_form.csproj", "{87CC6C3B-6CA4-4EF0-B7AD-A3D2DF8344B4}"
EndProject
Project("{FAE04EC0-301F-11D3-BF4B-00C04F79EFBC}") = "ES_01", "ES_01\ES_01.csproj", "{E60D5A2C-3A5A-401A-8808-74FF23B37C35}"
EndProject
Project("{FAE04EC0-301F-11D3-BF4B-00C04F79EFBC}") = "ES_03_Alignment", "ES_03_Alignment\ES_03_Alignment.csproj", "{BC55C5CC-47C9-4221-993D-1291629DC65A}"
EndProject
Project("{FAE04EC0-301F-11D3-BF4B-00C04F79EFBC}") = "ES04_LIST-FOREACH", "ES04_LIST-FOREACH\ES04_LIST-FOREACH.csproj", "{F81EB998-1420-49CF-8F7D-07B6BBD8AEC6}"
EndProject
Project("{FAE04EC0-301F-11D3-BF4B-00C04F79EFBC}") = "ES05_Class_Library", "ES05_Class_Library\ES05_Class_Library.csproj", "{017C0167-4010-41D5-B3F1-6FD73FB90833}"
EndProject
Project("{FAE04EC0-301F-11D3-BF4B-00C04F79EFBC}") = "ES06_Class_Library_Client", "ES06_Class_Library_Client\ES06_Class_Library_Client.csproj", "{71ACD70E-4C96-496F-B2A1-31B264E6C0A4}"
EndProject
Project("{FAE04EC0-301F-11D3-BF4B-00C04F79EFBC}") = "ES06_AdoNet", "ES06_AdoNet\ES06_AdoNet.csproj", "{0ECF0808-9E0B-4A19-818A-CF097E811819}"
EndProject
Project("{FAE04EC0-301F-11D3-BF4B-00C04F79EFBC}") = "ES08_EntityFramework", "ES08_EntityFramework\ES08_EntityFramework.csproj", "{FF02DD6D-1EA1-4F31-836E-D4FFB58C2493}"
EndProject
Project("{FAE04EC0-301F-11D3-BF4B-00C04F79EFBC}") = "S09_Entityframework_codefirst", "S09_Entityframework_codefirst\S09_Entityframework_codefirst.csproj", "{D6194A6D-5854-4DEB-BD5A-4E1B81F453CD}"
EndProject
Project("{FAE04EC0-301F-11D3-BF4B-00C04F79EFBC}") = "Orders", "Orders\Orders.csproj", "{7B011406-4EF4-487D-B3F4-0FC9D697D3EF}"
EndProject
Project("{FAE04EC0-301F-11D3-BF4B-00C04F79EFBC}") = "WebApi", "WebApi\WebApi.csproj", "{9C5C6406-2969-47B6-9773-3811ABB1F0B8}"
EndProject
Project("{FAE04EC0-301F-11D3-BF4B-00C04F79EFBC}") = "ConsumeApi", "ConsumeApi\ConsumeApi.csproj", "{1BB5FD70-D5F9-48DB-BBA7-B977607A5834}"
EndProject
Project("{FAE04EC0-301F-11D3-BF4B-00C04F79EFBC}") = "ES13-ASYNC-AWAIT", "ES13-ASYNC-AWAIT\ES13-ASYNC-AWAIT.csproj", "{CE39FB85-27E2-440C-962B-612AAE4E55FF}"
EndProject
Global
	GlobalSection(SolutionConfigurationPlatforms) = preSolution
		Debug|Any CPU = Debug|Any CPU
		Release|Any CPU = Release|Any CPU
	EndGlobalSection
	GlobalSection(ProjectConfigurationPlatforms) = postSolution
		{87CC6C3B-6CA4-4EF0-B7AD-A3D2DF8344B4}.Debug|Any CPU.ActiveCfg = Debug|Any CPU
		{87CC6C3B-6CA4-4EF0-B7AD-A3D2DF8344B4}.Debug|Any CPU.Build.0 = Debug|Any CPU
		{87CC6C3B-6CA4-4EF0-B7AD-A3D2DF8344B4}.Release|Any CPU.ActiveCfg = Release|Any CPU
		{87CC6C3B-6CA4-4EF0-B7AD-A3D2DF8344B4}.Release|Any CPU.Build.0 = Release|Any CPU
		{E60D5A2C-3A5A-401A-8808-74FF23B37C35}.Debug|Any CPU.ActiveCfg = Debug|Any CPU
		{E60D5A2C-3A5A-401A-8808-74FF23B37C35}.Debug|Any CPU.Build.0 = Debug|Any CPU
		{E60D5A2C-3A5A-401A-8808-74FF23B37C35}.Release|Any CPU.ActiveCfg = Release|Any CPU
		{E60D5A2C-3A5A-401A-8808-74FF23B37C35}.Release|Any CPU.Build.0 = Release|Any CPU
		{BC55C5CC-47C9-4221-993D-1291629DC65A}.Debug|Any CPU.ActiveCfg = Debug|Any CPU
		{BC55C5CC-47C9-4221-993D-1291629DC65A}.Debug|Any CPU.Build.0 = Debug|Any CPU
		{BC55C5CC-47C9-4221-993D-1291629DC65A}.Release|Any CPU.ActiveCfg = Release|Any CPU
		{BC55C5CC-47C9-4221-993D-1291629DC65A}.Release|Any CPU.Build.0 = Release|Any CPU
		{F81EB998-1420-49CF-8F7D-07B6BBD8AEC6}.Debug|Any CPU.ActiveCfg = Debug|Any CPU
		{F81EB998-1420-49CF-8F7D-07B6BBD8AEC6}.Debug|Any CPU.Build.0 = Debug|Any CPU
		{F81EB998-1420-49CF-8F7D-07B6BBD8AEC6}.Release|Any CPU.ActiveCfg = Release|Any CPU
		{F81EB998-1420-49CF-8F7D-07B6BBD8AEC6}.Release|Any CPU.Build.0 = Release|Any CPU
		{017C0167-4010-41D5-B3F1-6FD73FB90833}.Debug|Any CPU.ActiveCfg = Debug|Any CPU
		{017C0167-4010-41D5-B3F1-6FD73FB90833}.Debug|Any CPU.Build.0 = Debug|Any CPU
		{017C0167-4010-41D5-B3F1-6FD73FB90833}.Release|Any CPU.ActiveCfg = Release|Any CPU
		{017C0167-4010-41D5-B3F1-6FD73FB90833}.Release|Any CPU.Build.0 = Release|Any CPU
		{71ACD70E-4C96-496F-B2A1-31B264E6C0A4}.Debug|Any CPU.ActiveCfg = Debug|Any CPU
		{71ACD70E-4C96-496F-B2A1-31B264E6C0A4}.Debug|Any CPU.Build.0 = Debug|Any CPU
		{71ACD70E-4C96-496F-B2A1-31B264E6C0A4}.Release|Any CPU.ActiveCfg = Release|Any CPU
		{71ACD70E-4C96-496F-B2A1-31B264E6C0A4}.Release|Any CPU.Build.0 = Release|Any CPU
		{0ECF0808-9E0B-4A19-818A-CF097E811819}.Debug|Any CPU.ActiveCfg = Debug|Any CPU
		{0ECF0808-9E0B-4A19-818A-CF097E811819}.Debug|Any CPU.Build.0 = Debug|Any CPU
		{0ECF0808-9E0B-4A19-818A-CF097E811819}.Release|Any CPU.ActiveCfg = Release|Any CPU
		{0ECF0808-9E0B-4A19-818A-CF097E811819}.Release|Any CPU.Build.0 = Release|Any CPU
		{FF02DD6D-1EA1-4F31-836E-D4FFB58C2493}.Debug|Any CPU.ActiveCfg = Debug|Any CPU
		{FF02DD6D-1EA1-4F31-836E-D4FFB58C2493}.Debug|Any CPU.Build.0 = Debug|Any CPU
		{FF02DD6D-1EA1-4F31-836E-D4FFB58C2493}.Release|Any CPU.ActiveCfg = Release|Any CPU
		{FF02DD6D-1EA1-4F31-836E-D4FFB58C2493}.Release|Any CPU.Build.0 = Release|Any CPU
		{D6194A6D-5854-4DEB-BD5A-4E1B81F453CD}.Debug|Any CPU.ActiveCfg = Debug|Any CPU
		{D6194A6D-5854-4DEB-BD5A-4E1B81F453CD}.Debug|Any CPU.Build.0 = Debug|Any CPU
		{D6194A6D-5854-4DEB-BD5A-4E1B81F453CD}.Release|Any CPU.ActiveCfg = Release|Any CPU
		{D6194A6D-5854-4DEB-BD5A-4E1B81F453CD}.Release|Any CPU.Build.0 = Release|Any CPU
		{7B011406-4EF4-487D-B3F4-0FC9D697D3EF}.Debug|Any CPU.ActiveCfg = Debug|Any CPU
		{7B011406-4EF4-487D-B3F4-0FC9D697D3EF}.Debug|Any CPU.Build.0 = Debug|Any CPU
		{7B011406-4EF4-487D-B3F4-0FC9D697D3EF}.Release|Any CPU.ActiveCfg = Release|Any CPU
		{7B011406-4EF4-487D-B3F4-0FC9D697D3EF}.Release|Any CPU.Build.0 = Release|Any CPU
		{9C5C6406-2969-47B6-9773-3811ABB1F0B8}.Debug|Any CPU.ActiveCfg = Debug|Any CPU
		{9C5C6406-2969-47B6-9773-3811ABB1F0B8}.Debug|Any CPU.Build.0 = Debug|Any CPU
		{9C5C6406-2969-47B6-9773-3811ABB1F0B8}.Release|Any CPU.ActiveCfg = Release|Any CPU
		{9C5C6406-2969-47B6-9773-3811ABB1F0B8}.Release|Any CPU.Build.0 = Release|Any CPU
		{1BB5FD70-D5F9-48DB-BBA7-B977607A5834}.Debug|Any CPU.ActiveCfg = Debug|Any CPU
		{1BB5FD70-D5F9-48DB-BBA7-B977607A5834}.Debug|Any CPU.Build.0 = Debug|Any CPU
		{1BB5FD70-D5F9-48DB-BBA7-B977607A5834}.Release|Any CPU.ActiveCfg = Release|Any CPU
		{1BB5FD70-D5F9-48DB-BBA7-B977607A5834}.Release|Any CPU.Build.0 = Release|Any CPU
		{CE39FB85-27E2-440C-962B-612AAE4E55FF}.Debug|Any CPU.ActiveCfg = Debug|Any CPU
		{CE39FB85-27E2-440C-962B-612AAE4E55FF}.Debug|Any CPU.Build.0 = Debug|Any CPU
		{CE39FB85-27E2-440C-962B-612AAE4E55FF}.Release|Any CPU.ActiveCfg = Release|Any CPU
		{CE39FB85-27E2-440C-962B-612AAE4E55FF}.Release|Any CPU.Build.0 = Release|Any CPU
	EndGlobalSection
	GlobalSection(SolutionProperties) = preSolution
		HideSolutionNode = FALSE
	EndGlobalSection
	GlobalSection(ExtensibilityGlobals) = postSolution
		SolutionGuid = {9FCA954F-B9F9-4642-8310-34FC4E6648C7}
	EndGlobalSection
EndGlobal
